// !$*UTF8*$!
{
	archiveVersion = 1;
	classes = {
	};
	objectVersion = 46;
	objects = {

/* Begin PBXBuildFile section */
		1A5642E440F5FEDFE28CC87F /* Main.storyboard in Resources */ = {isa = PBXBuildFile; fileRef = 1A56406A5B8DBB50C05F2E3D /* Main.storyboard */; };
		1A5643D24D23CE2EAFE7AA06 /* Assets.xcassets in Resources */ = {isa = PBXBuildFile; fileRef = 1A5641880A557B8A4E319E8A /* Assets.xcassets */; };
		1A564788F884E9B8BC43C8B0 /* iTunes.swift in Sources */ = {isa = PBXBuildFile; fileRef = 1A564BD04F86D2A933C1AE1A /* iTunes.swift */; };
		1A5647B07A56C1C2733DD6A8 /* AppDelegate.swift in Sources */ = {isa = PBXBuildFile; fileRef = 1A56435C0D88E583C1362CF8 /* AppDelegate.swift */; };
		1A564C7D16D85B867BC13555 /* ViewController.swift in Sources */ = {isa = PBXBuildFile; fileRef = 1A564710DDAB365271654491 /* ViewController.swift */; };
		500F2D86233FB73A00688FF8 /* scripts in Resources */ = {isa = PBXBuildFile; fileRef = 500F2D85233FB73900688FF8 /* scripts */; };
/* End PBXBuildFile section */

/* Begin PBXFileReference section */
		1A5640534E23A3FF3224B2AF /* Playly.app */ = {isa = PBXFileReference; explicitFileType = wrapper.application; includeInIndex = 0; path = Playly.app; sourceTree = BUILT_PRODUCTS_DIR; };
		1A5641880A557B8A4E319E8A /* Assets.xcassets */ = {isa = PBXFileReference; lastKnownFileType = folder.assetcatalog; path = Assets.xcassets; sourceTree = "<group>"; };
		1A56435C0D88E583C1362CF8 /* AppDelegate.swift */ = {isa = PBXFileReference; lastKnownFileType = sourcecode.swift; path = AppDelegate.swift; sourceTree = "<group>"; };
		1A56466DC123C8FBA54C12DE /* Playly.entitlements */ = {isa = PBXFileReference; lastKnownFileType = text.plist.entitlements; path = Playly.entitlements; sourceTree = "<group>"; };
		1A564710DDAB365271654491 /* ViewController.swift */ = {isa = PBXFileReference; lastKnownFileType = sourcecode.swift; path = ViewController.swift; sourceTree = "<group>"; };
		1A564BD04F86D2A933C1AE1A /* iTunes.swift */ = {isa = PBXFileReference; fileEncoding = 4; lastKnownFileType = sourcecode.swift; path = iTunes.swift; sourceTree = "<group>"; };
		1A564C1D0597736F1DD04620 /* Base */ = {isa = PBXFileReference; lastKnownFileType = file.storyboard; name = Base; path = Base.lproj/Main.storyboard; sourceTree = "<group>"; };
		1A564D08D9AFEB08B05F7F65 /* Info.plist */ = {isa = PBXFileReference; lastKnownFileType = text.plist.info; path = Info.plist; sourceTree = "<group>"; };
		500F2D85233FB73900688FF8 /* scripts */ = {isa = PBXFileReference; lastKnownFileType = folder; path = scripts; sourceTree = "<group>"; };
/* End PBXFileReference section */

/* Begin PBXFrameworksBuildPhase section */
		1A5645C45196B469360C2633 /* Frameworks */ = {
			isa = PBXFrameworksBuildPhase;
			buildActionMask = 2147483647;
			files = (
			);
			runOnlyForDeploymentPostprocessing = 0;
		};
/* End PBXFrameworksBuildPhase section */

/* Begin PBXGroup section */
		1A56407B59C2738401679B06 /* Playly */ = {
			isa = PBXGroup;
			children = (
				1A564D08D9AFEB08B05F7F65 /* Info.plist */,
				500F2D85233FB73900688FF8 /* scripts */,
				1A5641880A557B8A4E319E8A /* Assets.xcassets */,
				1A56466DC123C8FBA54C12DE /* Playly.entitlements */,
				1A56435C0D88E583C1362CF8 /* AppDelegate.swift */,
				1A56406A5B8DBB50C05F2E3D /* Main.storyboard */,
				1A564710DDAB365271654491 /* ViewController.swift */,
				1A564BD04F86D2A933C1AE1A /* iTunes.swift */,
			);
			path = Playly;
			sourceTree = "<group>";
		};
		1A564690E34D29602ECFC394 /* Products */ = {
			isa = PBXGroup;
			children = (
				1A5640534E23A3FF3224B2AF /* Playly.app */,
			);
			name = Products;
			sourceTree = "<group>";
		};
		1A564CCA50A07596E6B069A1 = {
			isa = PBXGroup;
			children = (
				1A564690E34D29602ECFC394 /* Products */,
				1A56407B59C2738401679B06 /* Playly */,
			);
			sourceTree = "<group>";
		};
/* End PBXGroup section */

/* Begin PBXNativeTarget section */
		1A564FCABBCD216C96E41413 /* Playly */ = {
			isa = PBXNativeTarget;
			buildConfigurationList = 1A5642B0D6C4BB41BB98160D /* Build configuration list for PBXNativeTarget "Playly" */;
			buildPhases = (
				1A56460C0B0147E40644E9B4 /* Sources */,
				1A5645C45196B469360C2633 /* Frameworks */,
				1A564DDED2379B0CFBA39E64 /* Resources */,
			);
			buildRules = (
			);
			dependencies = (
			);
			name = Playly;
			productName = Playly;
			productReference = 1A5640534E23A3FF3224B2AF /* Playly.app */;
			productType = "com.apple.product-type.application";
		};
/* End PBXNativeTarget section */

/* Begin PBXProject section */
		1A5648FD8BE7955A8C56DD88 /* Project object */ = {
			isa = PBXProject;
			attributes = {
				ORGANIZATIONNAME = "Max Diachenko";
			};
			buildConfigurationList = 1A564B0A8B8CA3064545DD65 /* Build configuration list for PBXProject "Playly" */;
			compatibilityVersion = "Xcode 3.2";
			developmentRegion = English;
			hasScannedForEncodings = 0;
			knownRegions = (
				English,
				en,
				Base,
			);
			mainGroup = 1A564CCA50A07596E6B069A1;
			productRefGroup = 1A564690E34D29602ECFC394 /* Products */;
			projectDirPath = "";
			projectRoot = "";
			targets = (
				1A564FCABBCD216C96E41413 /* Playly */,
			);
		};
/* End PBXProject section */

/* Begin PBXResourcesBuildPhase section */
		1A564DDED2379B0CFBA39E64 /* Resources */ = {
			isa = PBXResourcesBuildPhase;
			buildActionMask = 2147483647;
			files = (
				500F2D86233FB73A00688FF8 /* scripts in Resources */,
				1A5643D24D23CE2EAFE7AA06 /* Assets.xcassets in Resources */,
				1A5642E440F5FEDFE28CC87F /* Main.storyboard in Resources */,
			);
			runOnlyForDeploymentPostprocessing = 0;
		};
/* End PBXResourcesBuildPhase section */

/* Begin PBXSourcesBuildPhase section */
		1A56460C0B0147E40644E9B4 /* Sources */ = {
			isa = PBXSourcesBuildPhase;
			buildActionMask = 2147483647;
			files = (
				1A5647B07A56C1C2733DD6A8 /* AppDelegate.swift in Sources */,
				1A564C7D16D85B867BC13555 /* ViewController.swift in Sources */,
				1A564788F884E9B8BC43C8B0 /* iTunes.swift in Sources */,
			);
			runOnlyForDeploymentPostprocessing = 0;
		};
/* End PBXSourcesBuildPhase section */

/* Begin PBXVariantGroup section */
		1A56406A5B8DBB50C05F2E3D /* Main.storyboard */ = {
			isa = PBXVariantGroup;
			children = (
				1A564C1D0597736F1DD04620 /* Base */,
			);
			name = Main.storyboard;
			sourceTree = "<group>";
		};
/* End PBXVariantGroup section */

/* Begin XCBuildConfiguration section */
		1A56461C40877215587CA52C /* Debug */ = {
			isa = XCBuildConfiguration;
			buildSettings = {
				ALWAYS_SEARCH_USER_PATHS = NO;
				CLANG_ANALYZER_NONNULL = YES;
				CLANG_ANALYZER_NUMBER_OBJECT_CONVERSION = YES_AGGRESSIVE;
				CLANG_CXX_LANGUAGE_STANDARD = "gnu++14";
				CLANG_CXX_LIBRARY = "libc++";
				CLANG_ENABLE_MODULES = YES;
				CLANG_ENABLE_OBJC_ARC = YES;
				CLANG_ENABLE_OBJC_WEAK = YES;
				CLANG_WARN_BLOCK_CAPTURE_AUTORELEASING = YES;
				CLANG_WARN_BOOL_CONVERSION = YES;
				CLANG_WARN_COMMA = YES;
				CLANG_WARN_CONSTANT_CONVERSION = YES;
				CLANG_WARN_DEPRECATED_OBJC_IMPLEMENTATIONS = YES;
				CLANG_WARN_DIRECT_OBJC_ISA_USAGE = YES_ERROR;
				CLANG_WARN_DOCUMENTATION_COMMENTS = YES;
				CLANG_WARN_EMPTY_BODY = YES;
				CLANG_WARN_ENUM_CONVERSION = YES;
				CLANG_WARN_INFINITE_RECURSION = YES;
				CLANG_WARN_INT_CONVERSION = YES;
				CLANG_WARN_NON_LITERAL_NULL_CONVERSION = YES;
				CLANG_WARN_OBJC_IMPLICIT_RETAIN_SELF = YES;
				CLANG_WARN_OBJC_LITERAL_CONVERSION = YES;
				CLANG_WARN_OBJC_ROOT_CLASS = YES_ERROR;
				CLANG_WARN_RANGE_LOOP_ANALYSIS = YES;
				CLANG_WARN_STRICT_PROTOTYPES = YES;
				CLANG_WARN_SUSPICIOUS_MOVE = YES;
				CLANG_WARN_UNGUARDED_AVAILABILITY = YES_AGGRESSIVE;
				CLANG_WARN_UNREACHABLE_CODE = YES;
				CLANG_WARN__DUPLICATE_METHOD_MATCH = YES;
				CODE_SIGN_IDENTITY = "-";
				COPY_PHASE_STRIP = NO;
				DEBUG_INFORMATION_FORMAT = dwarf;
				ENABLE_STRICT_OBJC_MSGSEND = YES;
				ENABLE_TESTABILITY = YES;
				GCC_C_LANGUAGE_STANDARD = gnu11;
				GCC_DYNAMIC_NO_PIC = NO;
				GCC_NO_COMMON_BLOCKS = YES;
				GCC_OPTIMIZATION_LEVEL = 0;
				GCC_PREPROCESSOR_DEFINITIONS = (
					"DEBUG=1",
					"$(inherited)",
				);
				GCC_WARN_64_TO_32_BIT_CONVERSION = YES;
				GCC_WARN_ABOUT_RETURN_TYPE = YES_ERROR;
				GCC_WARN_UNDECLARED_SELECTOR = YES;
				GCC_WARN_UNINITIALIZED_AUTOS = YES_AGGRESSIVE;
				GCC_WARN_UNUSED_FUNCTION = YES;
				GCC_WARN_UNUSED_VARIABLE = YES;
				MACOSX_DEPLOYMENT_TARGET = 10.14;
				MTL_ENABLE_DEBUG_INFO = INCLUDE_SOURCE;
				MTL_FAST_MATH = YES;
				ONLY_ACTIVE_ARCH = YES;
				SDKROOT = macosx;
				SWIFT_ACTIVE_COMPILATION_CONDITIONS = DEBUG;
				SWIFT_OPTIMIZATION_LEVEL = "-Onone";
			};
			name = Debug;
		};
		1A564871308B071A1ACAAB06 /* Release */ = {
			isa = XCBuildConfiguration;
			buildSettings = {
				ASSETCATALOG_COMPILER_APPICON_NAME = AppIcon;
				CODE_SIGN_ENTITLEMENTS = Playly/Playly.entitlements;
				COMBINE_HIDPI_IMAGES = YES;
				INFOPLIST_FILE = Playly/Info.plist;
				LD_RUNPATH_SEARCH_PATHS = "$(inherited) @executable_path/../Frameworks";
				PRODUCT_BUNDLE_IDENTIFIER = maxdiachenko.Playly;
				PRODUCT_NAME = "$(TARGET_NAME)";
				SWIFT_VERSION = 4.2;
			};
			name = Release;
		};
		1A564E05F1E8C5F1933B2091 /* Release */ = {
			isa = XCBuildConfiguration;
			buildSettings = {
				ALWAYS_SEARCH_USER_PATHS = NO;
				CLANG_ANALYZER_NONNULL = YES;
				CLANG_ANALYZER_NUMBER_OBJECT_CONVERSION = YES_AGGRESSIVE;
				CLANG_CXX_LANGUAGE_STANDARD = "gnu++14";
				CLANG_CXX_LIBRARY = "libc++";
				CLANG_ENABLE_MODULES = YES;
				CLANG_ENABLE_OBJC_ARC = YES;
				CLANG_ENABLE_OBJC_WEAK = YES;
				CLANG_WARN_BLOCK_CAPTURE_AUTORELEASING = YES;
				CLANG_WARN_BOOL_CONVERSION = YES;
				CLANG_WARN_COMMA = YES;
				CLANG_WARN_CONSTANT_CONVERSION = YES;
				CLANG_WARN_DEPRECATED_OBJC_IMPLEMENTATIONS = YES;
				CLANG_WARN_DIRECT_OBJC_ISA_USAGE = YES_ERROR;
				CLANG_WARN_DOCUMENTATION_COMMENTS = YES;
				CLANG_WARN_EMPTY_BODY = YES;
				CLANG_WARN_ENUM_CONVERSION = YES;
				CLANG_WARN_INFINITE_RECURSION = YES;
				CLANG_WARN_INT_CONVERSION = YES;
				CLANG_WARN_NON_LITERAL_NULL_CONVERSION = YES;
				CLANG_WARN_OBJC_IMPLICIT_RETAIN_SELF = YES;
				CLANG_WARN_OBJC_LITERAL_CONVERSION = YES;
				CLANG_WARN_OBJC_ROOT_CLASS = YES_ERROR;
				CLANG_WARN_RANGE_LOOP_ANALYSIS = YES;
				CLANG_WARN_STRICT_PROTOTYPES = YES;
				CLANG_WARN_SUSPICIOUS_MOVE = YES;
				CLANG_WARN_UNGUARDED_AVAILABILITY = YES_AGGRESSIVE;
				CLANG_WARN_UNREACHABLE_CODE = YES;
				CLANG_WARN__DUPLICATE_METHOD_MATCH = YES;
				CODE_SIGN_IDENTITY = "-";
				COPY_PHASE_STRIP = NO;
				DEBUG_INFORMATION_FORMAT = "dwarf-with-dsym";
				ENABLE_NS_ASSERTIONS = NO;
				ENABLE_STRICT_OBJC_MSGSEND = YES;
				GCC_C_LANGUAGE_STANDARD = gnu11;
				GCC_NO_COMMON_BLOCKS = YES;
				GCC_WARN_64_TO_32_BIT_CONVERSION = YES;
				GCC_WARN_ABOUT_RETURN_TYPE = YES_ERROR;
				GCC_WARN_UNDECLARED_SELECTOR = YES;
				GCC_WARN_UNINITIALIZED_AUTOS = YES_AGGRESSIVE;
				GCC_WARN_UNUSED_FUNCTION = YES;
				GCC_WARN_UNUSED_VARIABLE = YES;
				MACOSX_DEPLOYMENT_TARGET = 10.14;
				MTL_ENABLE_DEBUG_INFO = NO;
				MTL_FAST_MATH = YES;
				SDKROOT = macosx;
				SWIFT_OPTIMIZATION_LEVEL = "-Owholemodule";
			};
			name = Release;
		};
		1A564EDEECAE6C9E7F3710C0 /* Debug */ = {
			isa = XCBuildConfiguration;
			buildSettings = {
				ASSETCATALOG_COMPILER_APPICON_NAME = AppIcon;
				CODE_SIGN_ENTITLEMENTS = Playly/Playly.entitlements;
				COMBINE_HIDPI_IMAGES = YES;
				INFOPLIST_FILE = Playly/Info.plist;
				LD_RUNPATH_SEARCH_PATHS = "$(inherited) @executable_path/../Frameworks";
				PRODUCT_BUNDLE_IDENTIFIER = maxdiachenko.Playly;
				PRODUCT_NAME = "$(TARGET_NAME)";
				SWIFT_VERSION = 4.2;
			};
			name = Debug;
		};
/* End XCBuildConfiguration section */

/* Begin XCConfigurationList section */
		1A5642B0D6C4BB41BB98160D /* Build configuration list for PBXNativeTarget "Playly" */ = {
			isa = XCConfigurationList;
			buildConfigurations = (
				1A564EDEECAE6C9E7F3710C0 /* Debug */,
				1A564871308B071A1ACAAB06 /* Release */,
			);
			defaultConfigurationIsVisible = 0;
			defaultConfigurationName = Release;
		};
		1A564B0A8B8CA3064545DD65 /* Build configuration list for PBXProject "Playly" */ = {
			isa = XCConfigurationList;
			buildConfigurations = (
				1A56461C40877215587CA52C /* Debug */,
				1A564E05F1E8C5F1933B2091 /* Release */,
			);
			defaultConfigurationIsVisible = 0;
			defaultConfigurationName = Release;
		};
/* End XCConfigurationList section */
	};
	rootObject = 1A5648FD8BE7955A8C56DD88 /* Project object */;
}
