// !$*UTF8*$!
{
	archiveVersion = 1;
	classes = {
	};
	objectVersion = 46;
	objects = {

/* Begin PBXBuildFile section */
		1A564096411F60023A9A7710 /* AboutViewController.swift in Sources */ = {isa = PBXBuildFile; fileRef = 1A56448B11A38050BC2910EB /* AboutViewController.swift */; };
		1A56425D02CE8563314ACF77 /* Updater.swift in Sources */ = {isa = PBXBuildFile; fileRef = 1A564C893BD23C7215329B7A /* Updater.swift */; };
		1A5643D24D23CE2EAFE7AA06 /* Assets.xcassets in Resources */ = {isa = PBXBuildFile; fileRef = 1A5641880A557B8A4E319E8A /* Assets.xcassets */; };
		1A56453282082629BDA058C2 /* ITunesHelper.swift in Sources */ = {isa = PBXBuildFile; fileRef = 1A5646D5B6E79F892D769E26 /* ITunesHelper.swift */; };
		1A5645A7D6BAD1DACFC84365 /* Toolbar.swift in Sources */ = {isa = PBXBuildFile; fileRef = 1A564306645C149F2EB2C2BA /* Toolbar.swift */; };
		1A5645E9A3DE18367594406D /* iTunes.swift in Sources */ = {isa = PBXBuildFile; fileRef = 1A564223593CD9B29E9E7D67 /* iTunes.swift */; };
		1A564736E5DA2AF92A76E686 /* Menu.swift in Sources */ = {isa = PBXBuildFile; fileRef = 1A5649EEFC3E86F954A495BA /* Menu.swift */; };
		1A564808F418FCB6B05202D3 /* AppDelegate.swift in Sources */ = {isa = PBXBuildFile; fileRef = 1A5648F37182458F2A50AC04 /* AppDelegate.swift */; };
		1A5649E49C8BB0A58023FB5E /* LaunchAtLogin.swift in Sources */ = {isa = PBXBuildFile; fileRef = 1A5646C93A88FA50B84814BD /* LaunchAtLogin.swift */; };
		1A5649E65254350E147DCF1F /* Activation.swift in Sources */ = {isa = PBXBuildFile; fileRef = 1A5647A99F706DBD7219C5C8 /* Activation.swift */; };
		1A564CED97C4BAE65EFFC26B /* Preferences.swift in Sources */ = {isa = PBXBuildFile; fileRef = 1A564B73172734A573404A2D /* Preferences.swift */; };
		1A564FCAD9772E6F7B694E28 /* Main.storyboard in Resources */ = {isa = PBXBuildFile; fileRef = 1A564B2E686DEC703D6091A8 /* Main.storyboard */; };
		500F2D86233FB73A00688FF8 /* Resources in Resources */ = {isa = PBXBuildFile; fileRef = 500F2D85233FB73900688FF8 /* Resources */; };
		5073F4CF234A301300B49BF3 /* UpdaterViewController.swift in Sources */ = {isa = PBXBuildFile; fileRef = 5073F4CE234A301300B49BF3 /* UpdaterViewController.swift */; };
		509A79BA23478CD8005B684A /* Paddle.framework in Frameworks */ = {isa = PBXBuildFile; fileRef = 509A79B923478CD8005B684A /* Paddle.framework */; };
		50DF8B0A23478F9D001ABD96 /* Paddle.framework in CopyFiles */ = {isa = PBXBuildFile; fileRef = 509A79B923478CD8005B684A /* Paddle.framework */; settings = {ATTRIBUTES = (CodeSignOnCopy, RemoveHeadersOnCopy, ); }; };
		6B10D8CDB64670F8E1E5BCA6 /* Pods_Playly.framework in Frameworks */ = {isa = PBXBuildFile; fileRef = 7190A0E448194687B4E81C07 /* Pods_Playly.framework */; };
/* End PBXBuildFile section */

/* Begin PBXCopyFilesBuildPhase section */
		50DF8B0923478F8F001ABD96 /* CopyFiles */ = {
			isa = PBXCopyFilesBuildPhase;
			buildActionMask = 2147483647;
			dstPath = "";
			dstSubfolderSpec = 10;
			files = (
				50DF8B0A23478F9D001ABD96 /* Paddle.framework in CopyFiles */,
			);
			runOnlyForDeploymentPostprocessing = 0;
		};
/* End PBXCopyFilesBuildPhase section */

/* Begin PBXFileReference section */
		1A5640534E23A3FF3224B2AF /* Playly.app */ = {isa = PBXFileReference; explicitFileType = wrapper.application; includeInIndex = 0; path = Playly.app; sourceTree = BUILT_PRODUCTS_DIR; };
		1A5641880A557B8A4E319E8A /* Assets.xcassets */ = {isa = PBXFileReference; lastKnownFileType = folder.assetcatalog; path = Assets.xcassets; sourceTree = "<group>"; };
		1A564223593CD9B29E9E7D67 /* iTunes.swift */ = {isa = PBXFileReference; fileEncoding = 4; lastKnownFileType = sourcecode.swift; path = iTunes.swift; sourceTree = "<group>"; };
		1A564306645C149F2EB2C2BA /* Toolbar.swift */ = {isa = PBXFileReference; fileEncoding = 4; lastKnownFileType = sourcecode.swift; path = Toolbar.swift; sourceTree = "<group>"; };
		1A5643DC2C06680635C1D2D7 /* Base */ = {isa = PBXFileReference; lastKnownFileType = file.storyboard; name = Base; path = Base.lproj/Main.storyboard; sourceTree = "<group>"; };
		1A56448B11A38050BC2910EB /* AboutViewController.swift */ = {isa = PBXFileReference; fileEncoding = 4; lastKnownFileType = sourcecode.swift; path = AboutViewController.swift; sourceTree = "<group>"; };
		1A56466DC123C8FBA54C12DE /* Playly.entitlements */ = {isa = PBXFileReference; lastKnownFileType = text.plist.entitlements; path = Playly.entitlements; sourceTree = "<group>"; };
		1A5646C93A88FA50B84814BD /* LaunchAtLogin.swift */ = {isa = PBXFileReference; fileEncoding = 4; lastKnownFileType = sourcecode.swift; path = LaunchAtLogin.swift; sourceTree = "<group>"; };
		1A5646D5B6E79F892D769E26 /* ITunesHelper.swift */ = {isa = PBXFileReference; fileEncoding = 4; lastKnownFileType = sourcecode.swift; path = ITunesHelper.swift; sourceTree = "<group>"; };
		1A5646E2FD66BD90E54EB31C /* Info.plist */ = {isa = PBXFileReference; fileEncoding = 4; lastKnownFileType = text.plist.info; path = Info.plist; sourceTree = "<group>"; };
		1A5647A99F706DBD7219C5C8 /* Activation.swift */ = {isa = PBXFileReference; fileEncoding = 4; lastKnownFileType = sourcecode.swift; path = Activation.swift; sourceTree = "<group>"; };
		1A5648F37182458F2A50AC04 /* AppDelegate.swift */ = {isa = PBXFileReference; fileEncoding = 4; lastKnownFileType = sourcecode.swift; path = AppDelegate.swift; sourceTree = "<group>"; };
		1A5649EEFC3E86F954A495BA /* Menu.swift */ = {isa = PBXFileReference; fileEncoding = 4; lastKnownFileType = sourcecode.swift; path = Menu.swift; sourceTree = "<group>"; };
		1A564B73172734A573404A2D /* Preferences.swift */ = {isa = PBXFileReference; fileEncoding = 4; lastKnownFileType = sourcecode.swift; path = Preferences.swift; sourceTree = "<group>"; };
		1A564C893BD23C7215329B7A /* Updater.swift */ = {isa = PBXFileReference; fileEncoding = 4; lastKnownFileType = sourcecode.swift; path = Updater.swift; sourceTree = "<group>"; };
		500F2D85233FB73900688FF8 /* Resources */ = {isa = PBXFileReference; lastKnownFileType = folder; path = Resources; sourceTree = "<group>"; };
		5073F4CE234A301300B49BF3 /* UpdaterViewController.swift */ = {isa = PBXFileReference; lastKnownFileType = sourcecode.swift; path = UpdaterViewController.swift; sourceTree = "<group>"; };
		509A79B923478CD8005B684A /* Paddle.framework */ = {isa = PBXFileReference; lastKnownFileType = wrapper.framework; path = Paddle.framework; sourceTree = "<group>"; };
		55337D5BF7D7E9A11AD04498 /* Pods-Playly.debug.xcconfig */ = {isa = PBXFileReference; includeInIndex = 1; lastKnownFileType = text.xcconfig; name = "Pods-Playly.debug.xcconfig"; path = "Target Support Files/Pods-Playly/Pods-Playly.debug.xcconfig"; sourceTree = "<group>"; };
		7190A0E448194687B4E81C07 /* Pods_Playly.framework */ = {isa = PBXFileReference; explicitFileType = wrapper.framework; includeInIndex = 0; path = Pods_Playly.framework; sourceTree = BUILT_PRODUCTS_DIR; };
		7B695B36DC25643B62053405 /* Pods-Playly.release.xcconfig */ = {isa = PBXFileReference; includeInIndex = 1; lastKnownFileType = text.xcconfig; name = "Pods-Playly.release.xcconfig"; path = "Target Support Files/Pods-Playly/Pods-Playly.release.xcconfig"; sourceTree = "<group>"; };
/* End PBXFileReference section */

/* Begin PBXFrameworksBuildPhase section */
		1A5645C45196B469360C2633 /* Frameworks */ = {
			isa = PBXFrameworksBuildPhase;
			buildActionMask = 2147483647;
			files = (
				509A79BA23478CD8005B684A /* Paddle.framework in Frameworks */,
				6B10D8CDB64670F8E1E5BCA6 /* Pods_Playly.framework in Frameworks */,
			);
			runOnlyForDeploymentPostprocessing = 0;
		};
/* End PBXFrameworksBuildPhase section */

/* Begin PBXGroup section */
		1A56407B59C2738401679B06 /* Playly */ = {
			isa = PBXGroup;
			children = (
				500F2D85233FB73900688FF8 /* Resources */,
				1A5641880A557B8A4E319E8A /* Assets.xcassets */,
				1A56466DC123C8FBA54C12DE /* Playly.entitlements */,
				1A56477DC4451126F590B969 /* Application */,
				1A564A13C4F1330B82C0B3A6 /* Storyboards */,
				1A564466FC65BB5389728384 /* Protocols */,
				1A564A0211E7B38A5ECF6A7B /* Helpers */,
				1A56480C4CBE5501B42FA298 /* Models */,
				1A5641A2B71223477249150C /* Controllers */,
				1A564C3E019296B93434F848 /* Extentions */,
			);
			path = Playly;
			sourceTree = "<group>";
		};
		1A5641A2B71223477249150C /* Controllers */ = {
			isa = PBXGroup;
			children = (
				5073F4CE234A301300B49BF3 /* UpdaterViewController.swift */,
				1A56448B11A38050BC2910EB /* AboutViewController.swift */,
			);
			path = Controllers;
			sourceTree = "<group>";
		};
		1A564466FC65BB5389728384 /* Protocols */ = {
			isa = PBXGroup;
			children = (
				1A564223593CD9B29E9E7D67 /* iTunes.swift */,
			);
			path = Protocols;
			sourceTree = "<group>";
		};
		1A564690E34D29602ECFC394 /* Products */ = {
			isa = PBXGroup;
			children = (
				1A5640534E23A3FF3224B2AF /* Playly.app */,
			);
			name = Products;
			sourceTree = "<group>";
		};
		1A56477DC4451126F590B969 /* Application */ = {
			isa = PBXGroup;
			children = (
				1A5648F37182458F2A50AC04 /* AppDelegate.swift */,
				1A5646E2FD66BD90E54EB31C /* Info.plist */,
			);
			name = Application;
			sourceTree = "<group>";
		};
		1A56480C4CBE5501B42FA298 /* Models */ = {
			isa = PBXGroup;
			children = (
				1A5646C93A88FA50B84814BD /* LaunchAtLogin.swift */,
				1A564B73172734A573404A2D /* Preferences.swift */,
			);
			path = Models;
			sourceTree = "<group>";
		};
		1A564A0211E7B38A5ECF6A7B /* Helpers */ = {
			isa = PBXGroup;
			children = (
				1A5646D5B6E79F892D769E26 /* ITunesHelper.swift */,
			);
			path = Helpers;
			sourceTree = "<group>";
		};
		1A564A13C4F1330B82C0B3A6 /* Storyboards */ = {
			isa = PBXGroup;
			children = (
				1A564B2E686DEC703D6091A8 /* Main.storyboard */,
			);
			name = Storyboards;
			sourceTree = "<group>";
		};
		1A564C3E019296B93434F848 /* Extentions */ = {
			isa = PBXGroup;
			children = (
				1A564306645C149F2EB2C2BA /* Toolbar.swift */,
				1A5649EEFC3E86F954A495BA /* Menu.swift */,
				1A5647A99F706DBD7219C5C8 /* Activation.swift */,
				1A564C893BD23C7215329B7A /* Updater.swift */,
			);
			path = Extentions;
			sourceTree = "<group>";
		};
		1A564CCA50A07596E6B069A1 = {
			isa = PBXGroup;
			children = (
				509A79B923478CD8005B684A /* Paddle.framework */,
				1A564690E34D29602ECFC394 /* Products */,
				1A56407B59C2738401679B06 /* Playly */,
				54CE9B39A86E75037F05692A /* Pods */,
				5AA2806C64D8CAC65AFFB28D /* Frameworks */,
			);
			sourceTree = "<group>";
		};
		54CE9B39A86E75037F05692A /* Pods */ = {
			isa = PBXGroup;
			children = (
				55337D5BF7D7E9A11AD04498 /* Pods-Playly.debug.xcconfig */,
				7B695B36DC25643B62053405 /* Pods-Playly.release.xcconfig */,
			);
			path = Pods;
			sourceTree = "<group>";
		};
		5AA2806C64D8CAC65AFFB28D /* Frameworks */ = {
			isa = PBXGroup;
			children = (
				7190A0E448194687B4E81C07 /* Pods_Playly.framework */,
			);
			name = Frameworks;
			sourceTree = "<group>";
		};
/* End PBXGroup section */

/* Begin PBXNativeTarget section */
		1A564FCABBCD216C96E41413 /* Playly */ = {
			isa = PBXNativeTarget;
			buildConfigurationList = 1A5642B0D6C4BB41BB98160D /* Build configuration list for PBXNativeTarget "Playly" */;
			buildPhases = (
				0EAC2A49EE1CC0BDECDFF850 /* [CP] Check Pods Manifest.lock */,
				1A56460C0B0147E40644E9B4 /* Sources */,
				1A5645C45196B469360C2633 /* Frameworks */,
				1A564DDED2379B0CFBA39E64 /* Resources */,
				50DF8B0923478F8F001ABD96 /* CopyFiles */,
				F85C88542ADAF33B3751F567 /* [CP] Embed Pods Frameworks */,
			);
			buildRules = (
			);
			dependencies = (
			);
			name = Playly;
			productName = Playly;
			productReference = 1A5640534E23A3FF3224B2AF /* Playly.app */;
			productType = "com.apple.product-type.application";
		};
/* End PBXNativeTarget section */

/* Begin PBXProject section */
		1A5648FD8BE7955A8C56DD88 /* Project object */ = {
			isa = PBXProject;
			attributes = {
				ORGANIZATIONNAME = "Max Diachenko";
			};
			buildConfigurationList = 1A564B0A8B8CA3064545DD65 /* Build configuration list for PBXProject "Playly" */;
			compatibilityVersion = "Xcode 3.2";
			developmentRegion = English;
			hasScannedForEncodings = 0;
			knownRegions = (
				English,
				en,
				Base,
			);
			mainGroup = 1A564CCA50A07596E6B069A1;
			productRefGroup = 1A564690E34D29602ECFC394 /* Products */;
			projectDirPath = "";
			projectRoot = "";
			targets = (
				1A564FCABBCD216C96E41413 /* Playly */,
			);
		};
/* End PBXProject section */

/* Begin PBXResourcesBuildPhase section */
		1A564DDED2379B0CFBA39E64 /* Resources */ = {
			isa = PBXResourcesBuildPhase;
			buildActionMask = 2147483647;
			files = (
				500F2D86233FB73A00688FF8 /* Resources in Resources */,
				1A5643D24D23CE2EAFE7AA06 /* Assets.xcassets in Resources */,
				1A564FCAD9772E6F7B694E28 /* Main.storyboard in Resources */,
			);
			runOnlyForDeploymentPostprocessing = 0;
		};
/* End PBXResourcesBuildPhase section */

/* Begin PBXShellScriptBuildPhase section */
		0EAC2A49EE1CC0BDECDFF850 /* [CP] Check Pods Manifest.lock */ = {
			isa = PBXShellScriptBuildPhase;
			buildActionMask = 2147483647;
			files = (
			);
			inputFileListPaths = (
			);
			inputPaths = (
				"${PODS_PODFILE_DIR_PATH}/Podfile.lock",
				"${PODS_ROOT}/Manifest.lock",
			);
			name = "[CP] Check Pods Manifest.lock";
			outputFileListPaths = (
			);
			outputPaths = (
				"$(DERIVED_FILE_DIR)/Pods-Playly-checkManifestLockResult.txt",
			);
			runOnlyForDeploymentPostprocessing = 0;
			shellPath = /bin/sh;
			shellScript = "diff \"${PODS_PODFILE_DIR_PATH}/Podfile.lock\" \"${PODS_ROOT}/Manifest.lock\" > /dev/null\nif [ $? != 0 ] ; then\n    # print error to STDERR\n    echo \"error: The sandbox is not in sync with the Podfile.lock. Run 'pod install' or update your CocoaPods installation.\" >&2\n    exit 1\nfi\n# This output is used by Xcode 'outputs' to avoid re-running this script phase.\necho \"SUCCESS\" > \"${SCRIPT_OUTPUT_FILE_0}\"\n";
			showEnvVarsInLog = 0;
		};
		F85C88542ADAF33B3751F567 /* [CP] Embed Pods Frameworks */ = {
			isa = PBXShellScriptBuildPhase;
			buildActionMask = 2147483647;
			files = (
			);
			inputPaths = (
				"${PODS_ROOT}/Target Support Files/Pods-Playly/Pods-Playly-frameworks.sh",
				"${PODS_ROOT}/Sparkle/Sparkle.framework",
				"${PODS_ROOT}/Sparkle/Sparkle.framework.dSYM",
			);
			name = "[CP] Embed Pods Frameworks";
			outputPaths = (
				"${TARGET_BUILD_DIR}/${FRAMEWORKS_FOLDER_PATH}/Sparkle.framework",
				"${DWARF_DSYM_FOLDER_PATH}/Sparkle.framework.dSYM",
			);
			runOnlyForDeploymentPostprocessing = 0;
			shellPath = /bin/sh;
			shellScript = "\"${PODS_ROOT}/Target Support Files/Pods-Playly/Pods-Playly-frameworks.sh\"\n";
			showEnvVarsInLog = 0;
		};
/* End PBXShellScriptBuildPhase section */

/* Begin PBXSourcesBuildPhase section */
		1A56460C0B0147E40644E9B4 /* Sources */ = {
			isa = PBXSourcesBuildPhase;
			buildActionMask = 2147483647;
			files = (
				1A564808F418FCB6B05202D3 /* AppDelegate.swift in Sources */,
				1A5645E9A3DE18367594406D /* iTunes.swift in Sources */,
				1A56453282082629BDA058C2 /* ITunesHelper.swift in Sources */,
				5073F4CF234A301300B49BF3 /* UpdaterViewController.swift in Sources */,
				1A5649E49C8BB0A58023FB5E /* LaunchAtLogin.swift in Sources */,
				1A564CED97C4BAE65EFFC26B /* Preferences.swift in Sources */,
				1A564096411F60023A9A7710 /* AboutViewController.swift in Sources */,
				1A5645A7D6BAD1DACFC84365 /* Toolbar.swift in Sources */,
				1A564736E5DA2AF92A76E686 /* Menu.swift in Sources */,
				1A5649E65254350E147DCF1F /* Activation.swift in Sources */,
				1A56425D02CE8563314ACF77 /* Updater.swift in Sources */,
			);
			runOnlyForDeploymentPostprocessing = 0;
		};
/* End PBXSourcesBuildPhase section */

/* Begin PBXVariantGroup section */
		1A564B2E686DEC703D6091A8 /* Main.storyboard */ = {
			isa = PBXVariantGroup;
			children = (
				1A5643DC2C06680635C1D2D7 /* Base */,
			);
			name = Main.storyboard;
			sourceTree = "<group>";
		};
/* End PBXVariantGroup section */

/* Begin XCBuildConfiguration section */
		1A56461C40877215587CA52C /* Debug */ = {
			isa = XCBuildConfiguration;
			buildSettings = {
				ALWAYS_SEARCH_USER_PATHS = NO;
				CLANG_ANALYZER_NONNULL = YES;
				CLANG_ANALYZER_NUMBER_OBJECT_CONVERSION = YES_AGGRESSIVE;
				CLANG_CXX_LANGUAGE_STANDARD = "gnu++14";
				CLANG_CXX_LIBRARY = "libc++";
				CLANG_ENABLE_MODULES = YES;
				CLANG_ENABLE_OBJC_ARC = YES;
				CLANG_ENABLE_OBJC_WEAK = YES;
				CLANG_WARN_BLOCK_CAPTURE_AUTORELEASING = YES;
				CLANG_WARN_BOOL_CONVERSION = YES;
				CLANG_WARN_COMMA = YES;
				CLANG_WARN_CONSTANT_CONVERSION = YES;
				CLANG_WARN_DEPRECATED_OBJC_IMPLEMENTATIONS = YES;
				CLANG_WARN_DIRECT_OBJC_ISA_USAGE = YES_ERROR;
				CLANG_WARN_DOCUMENTATION_COMMENTS = YES;
				CLANG_WARN_EMPTY_BODY = YES;
				CLANG_WARN_ENUM_CONVERSION = YES;
				CLANG_WARN_INFINITE_RECURSION = YES;
				CLANG_WARN_INT_CONVERSION = YES;
				CLANG_WARN_NON_LITERAL_NULL_CONVERSION = YES;
				CLANG_WARN_OBJC_IMPLICIT_RETAIN_SELF = YES;
				CLANG_WARN_OBJC_LITERAL_CONVERSION = YES;
				CLANG_WARN_OBJC_ROOT_CLASS = YES_ERROR;
				CLANG_WARN_RANGE_LOOP_ANALYSIS = YES;
				CLANG_WARN_STRICT_PROTOTYPES = YES;
				CLANG_WARN_SUSPICIOUS_MOVE = YES;
				CLANG_WARN_UNGUARDED_AVAILABILITY = YES_AGGRESSIVE;
				CLANG_WARN_UNREACHABLE_CODE = YES;
				CLANG_WARN__DUPLICATE_METHOD_MATCH = YES;
				CODE_SIGN_IDENTITY = "-";
				COPY_PHASE_STRIP = NO;
				DEBUG_INFORMATION_FORMAT = dwarf;
				ENABLE_STRICT_OBJC_MSGSEND = YES;
				ENABLE_TESTABILITY = YES;
				GCC_C_LANGUAGE_STANDARD = gnu11;
				GCC_DYNAMIC_NO_PIC = NO;
				GCC_NO_COMMON_BLOCKS = YES;
				GCC_OPTIMIZATION_LEVEL = 0;
				GCC_PREPROCESSOR_DEFINITIONS = (
					"DEBUG=1",
					"$(inherited)",
				);
				GCC_WARN_64_TO_32_BIT_CONVERSION = YES;
				GCC_WARN_ABOUT_RETURN_TYPE = YES_ERROR;
				GCC_WARN_UNDECLARED_SELECTOR = YES;
				GCC_WARN_UNINITIALIZED_AUTOS = YES_AGGRESSIVE;
				GCC_WARN_UNUSED_FUNCTION = YES;
				GCC_WARN_UNUSED_VARIABLE = YES;
				MACOSX_DEPLOYMENT_TARGET = 10.14;
				MTL_ENABLE_DEBUG_INFO = INCLUDE_SOURCE;
				MTL_FAST_MATH = YES;
				ONLY_ACTIVE_ARCH = YES;
				SDKROOT = macosx;
				SWIFT_ACTIVE_COMPILATION_CONDITIONS = DEBUG;
				SWIFT_OPTIMIZATION_LEVEL = "-Onone";
			};
			name = Debug;
		};
		1A564871308B071A1ACAAB06 /* Release */ = {
			isa = XCBuildConfiguration;
			baseConfigurationReference = 7B695B36DC25643B62053405 /* Pods-Playly.release.xcconfig */;
			buildSettings = {
				ASSETCATALOG_COMPILER_APPICON_NAME = AppIcon;
				CODE_SIGN_ENTITLEMENTS = Playly/Playly.entitlements;
				COMBINE_HIDPI_IMAGES = YES;
				ENABLE_HARDENED_RUNTIME = YES;
				FRAMEWORK_SEARCH_PATHS = (
					"$(inherited)",
					"$(PROJECT_DIR)",
				);
				INFOPLIST_FILE = Playly/Info.plist;
				LD_RUNPATH_SEARCH_PATHS = "$(inherited) @executable_path/../Frameworks";
				PRODUCT_BUNDLE_IDENTIFIER = maxdiachenko.Playly;
				PRODUCT_NAME = "$(TARGET_NAME)";
				SWIFT_VERSION = 4.2;
			};
			name = Release;
		};
		1A564E05F1E8C5F1933B2091 /* Release */ = {
			isa = XCBuildConfiguration;
			buildSettings = {
				ALWAYS_SEARCH_USER_PATHS = NO;
				CLANG_ANALYZER_NONNULL = YES;
				CLANG_ANALYZER_NUMBER_OBJECT_CONVERSION = YES_AGGRESSIVE;
				CLANG_CXX_LANGUAGE_STANDARD = "gnu++14";
				CLANG_CXX_LIBRARY = "libc++";
				CLANG_ENABLE_MODULES = YES;
				CLANG_ENABLE_OBJC_ARC = YES;
				CLANG_ENABLE_OBJC_WEAK = YES;
				CLANG_WARN_BLOCK_CAPTURE_AUTORELEASING = YES;
				CLANG_WARN_BOOL_CONVERSION = YES;
				CLANG_WARN_COMMA = YES;
				CLANG_WARN_CONSTANT_CONVERSION = YES;
				CLANG_WARN_DEPRECATED_OBJC_IMPLEMENTATIONS = YES;
				CLANG_WARN_DIRECT_OBJC_ISA_USAGE = YES_ERROR;
				CLANG_WARN_DOCUMENTATION_COMMENTS = YES;
				CLANG_WARN_EMPTY_BODY = YES;
				CLANG_WARN_ENUM_CONVERSION = YES;
				CLANG_WARN_INFINITE_RECURSION = YES;
				CLANG_WARN_INT_CONVERSION = YES;
				CLANG_WARN_NON_LITERAL_NULL_CONVERSION = YES;
				CLANG_WARN_OBJC_IMPLICIT_RETAIN_SELF = YES;
				CLANG_WARN_OBJC_LITERAL_CONVERSION = YES;
				CLANG_WARN_OBJC_ROOT_CLASS = YES_ERROR;
				CLANG_WARN_RANGE_LOOP_ANALYSIS = YES;
				CLANG_WARN_STRICT_PROTOTYPES = YES;
				CLANG_WARN_SUSPICIOUS_MOVE = YES;
				CLANG_WARN_UNGUARDED_AVAILABILITY = YES_AGGRESSIVE;
				CLANG_WARN_UNREACHABLE_CODE = YES;
				CLANG_WARN__DUPLICATE_METHOD_MATCH = YES;
				CODE_SIGN_IDENTITY = "-";
				COPY_PHASE_STRIP = NO;
				DEBUG_INFORMATION_FORMAT = "dwarf-with-dsym";
				ENABLE_NS_ASSERTIONS = NO;
				ENABLE_STRICT_OBJC_MSGSEND = YES;
				GCC_C_LANGUAGE_STANDARD = gnu11;
				GCC_NO_COMMON_BLOCKS = YES;
				GCC_WARN_64_TO_32_BIT_CONVERSION = YES;
				GCC_WARN_ABOUT_RETURN_TYPE = YES_ERROR;
				GCC_WARN_UNDECLARED_SELECTOR = YES;
				GCC_WARN_UNINITIALIZED_AUTOS = YES_AGGRESSIVE;
				GCC_WARN_UNUSED_FUNCTION = YES;
				GCC_WARN_UNUSED_VARIABLE = YES;
				MACOSX_DEPLOYMENT_TARGET = 10.14;
				MTL_ENABLE_DEBUG_INFO = NO;
				MTL_FAST_MATH = YES;
				SDKROOT = macosx;
				SWIFT_OPTIMIZATION_LEVEL = "-Owholemodule";
			};
			name = Release;
		};
		1A564EDEECAE6C9E7F3710C0 /* Debug */ = {
			isa = XCBuildConfiguration;
			baseConfigurationReference = 55337D5BF7D7E9A11AD04498 /* Pods-Playly.debug.xcconfig */;
			buildSettings = {
				ASSETCATALOG_COMPILER_APPICON_NAME = AppIcon;
				CODE_SIGN_ENTITLEMENTS = Playly/Playly.entitlements;
				COMBINE_HIDPI_IMAGES = YES;
				ENABLE_HARDENED_RUNTIME = YES;
				FRAMEWORK_SEARCH_PATHS = (
					"$(inherited)",
					"$(PROJECT_DIR)",
				);
				INFOPLIST_FILE = Playly/Info.plist;
				LD_RUNPATH_SEARCH_PATHS = "$(inherited) @executable_path/../Frameworks";
				PRODUCT_BUNDLE_IDENTIFIER = maxdiachenko.Playly;
				PRODUCT_NAME = "$(TARGET_NAME)";
				SWIFT_VERSION = 4.2;
			};
			name = Debug;
		};
/* End XCBuildConfiguration section */

/* Begin XCConfigurationList section */
		1A5642B0D6C4BB41BB98160D /* Build configuration list for PBXNativeTarget "Playly" */ = {
			isa = XCConfigurationList;
			buildConfigurations = (
				1A564EDEECAE6C9E7F3710C0 /* Debug */,
				1A564871308B071A1ACAAB06 /* Release */,
			);
			defaultConfigurationIsVisible = 0;
			defaultConfigurationName = Release;
		};
		1A564B0A8B8CA3064545DD65 /* Build configuration list for PBXProject "Playly" */ = {
			isa = XCConfigurationList;
			buildConfigurations = (
				1A56461C40877215587CA52C /* Debug */,
				1A564E05F1E8C5F1933B2091 /* Release */,
			);
			defaultConfigurationIsVisible = 0;
			defaultConfigurationName = Release;
		};
/* End XCConfigurationList section */
	};
	rootObject = 1A5648FD8BE7955A8C56DD88 /* Project object */;
}
